
Microsoft Visual Studio Solution File, Format Version 12.00
# Visual Studio Version 17
VisualStudioVersion = 17.9.34518.117
MinimumVisualStudioVersion = 10.0.40219.1
Project("{FAE04EC0-301F-11D3-BF4B-00C04F79EFBC}") = "OneCore", "OneCore\OneCore.csproj", "{0F0B1462-F469-441C-AAD4-5A03B75BF906}"
EndProject
Global
	GlobalSection(SolutionConfigurationPlatforms) = preSolution
		Debug|Any CPU = Debug|Any CPU
		Release|Any CPU = Release|Any CPU
	EndGlobalSection
	GlobalSection(ProjectConfigurationPlatforms) = postSolution
		{0F0B1462-F469-441C-AAD4-5A03B75BF906}.Debug|Any CPU.ActiveCfg = Debug|Any CPU
		{0F0B1462-F469-441C-AAD4-5A03B75BF906}.Debug|Any CPU.Build.0 = Debug|Any CPU
		{0F0B1462-F469-441C-AAD4-5A03B75BF906}.Release|Any CPU.ActiveCfg = Release|Any CPU
		{0F0B1462-F469-441C-AAD4-5A03B75BF906}.Release|Any CPU.Build.0 = Release|Any CPU
	EndGlobalSection
	GlobalSection(SolutionProperties) = preSolution
		HideSolutionNode = FALSE
	EndGlobalSection
	GlobalSection(ExtensibilityGlobals) = postSolution
		SolutionGuid = {F95AF07F-CE8E-4609-816C-A85A8CACD9BA}
	EndGlobalSection
EndGlobal
